Microsoft Visual Studio Solution File, Format Version 12.00
# Visual Studio Version 17
VisualStudioVersion = 17.5.2.0
MinimumVisualStudioVersion = 10.0.40219.1
Project("{FAE04EC0-301F-11D3-BF4B-00C04F79EFBC}") = "[Project].Application", "[Project].Application\[Project].Application.csproj", "{EB82843C-C75F-0F1C-1E39-A05F6A7D13B9}"
EndProject
Project("{FAE04EC0-301F-11D3-BF4B-00C04F79EFBC}") = "[Project].Infrastructure", "[Project].Infrastructure\[Project].Infrastructure.csproj", "{A52E4C6A-AB9D-CB00-5391-3B015E978623}"
EndProject
Project("{FAE04EC0-301F-11D3-BF4B-00C04F79EFBC}") = "[Project].Contracts", "[Project].Contracts\[Project].Contracts.csproj", "{89EAA1B0-683B-51F1-8B7B-70F152D6FA2F}"
EndProject
Project("{FAE04EC0-301F-11D3-BF4B-00C04F79EFBC}") = "[Project].API", "[Project].API\[Project].API.csproj", "{93B95151-7287-4CAA-DACB-E7ED0BCB7625}"
EndProject
Project("{FAE04EC0-301F-11D3-BF4B-00C04F79EFBC}") = "[Project].Presentation", "[Project].Presentation\[Project].Presentation.csproj", "{329976CA-2A86-D9FE-9DAA-D80D0922120A}"
EndProject
Project("{FAE04EC0-301F-11D3-BF4B-00C04F79EFBC}") = "[Project].Persistence", "[Project].Persistence\[Project].Persistence.csproj", "{C1EC5D83-B899-6DBB-9029-2130F1DB3276}"
EndProject
Project("{FAE04EC0-301F-11D3-BF4B-00C04F79EFBC}") = "[Project].Domain", "[Project].Domain\[Project].Domain.csproj", "{388EF8DF-ECAB-77C2-E2A2-B81F587AD9E5}"
EndProject
Global
	GlobalSection(SolutionConfigurationPlatforms) = preSolution
		Debug|Any CPU = Debug|Any CPU
		Release|Any CPU = Release|Any CPU
	EndGlobalSection
	GlobalSection(ProjectConfigurationPlatforms) = postSolution
		{EB82843C-C75F-0F1C-1E39-A05F6A7D13B9}.Debug|Any CPU.ActiveCfg = Debug|Any CPU
		{EB82843C-C75F-0F1C-1E39-A05F6A7D13B9}.Debug|Any CPU.Build.0 = Debug|Any CPU
		{EB82843C-C75F-0F1C-1E39-A05F6A7D13B9}.Release|Any CPU.ActiveCfg = Release|Any CPU
		{EB82843C-C75F-0F1C-1E39-A05F6A7D13B9}.Release|Any CPU.Build.0 = Release|Any CPU
		{A52E4C6A-AB9D-CB00-5391-3B015E978623}.Debug|Any CPU.ActiveCfg = Debug|Any CPU
		{A52E4C6A-AB9D-CB00-5391-3B015E978623}.Debug|Any CPU.Build.0 = Debug|Any CPU
		{A52E4C6A-AB9D-CB00-5391-3B015E978623}.Release|Any CPU.ActiveCfg = Release|Any CPU
		{A52E4C6A-AB9D-CB00-5391-3B015E978623}.Release|Any CPU.Build.0 = Release|Any CPU
		{89EAA1B0-683B-51F1-8B7B-70F152D6FA2F}.Debug|Any CPU.ActiveCfg = Debug|Any CPU
		{89EAA1B0-683B-51F1-8B7B-70F152D6FA2F}.Debug|Any CPU.Build.0 = Debug|Any CPU
		{89EAA1B0-683B-51F1-8B7B-70F152D6FA2F}.Release|Any CPU.ActiveCfg = Release|Any CPU
		{89EAA1B0-683B-51F1-8B7B-70F152D6FA2F}.Release|Any CPU.Build.0 = Release|Any CPU
		{93B95151-7287-4CAA-DACB-E7ED0BCB7625}.Debug|Any CPU.ActiveCfg = Debug|Any CPU
		{93B95151-7287-4CAA-DACB-E7ED0BCB7625}.Debug|Any CPU.Build.0 = Debug|Any CPU
		{93B95151-7287-4CAA-DACB-E7ED0BCB7625}.Release|Any CPU.ActiveCfg = Release|Any CPU
		{93B95151-7287-4CAA-DACB-E7ED0BCB7625}.Release|Any CPU.Build.0 = Release|Any CPU
		{329976CA-2A86-D9FE-9DAA-D80D0922120A}.Debug|Any CPU.ActiveCfg = Debug|Any CPU
		{329976CA-2A86-D9FE-9DAA-D80D0922120A}.Debug|Any CPU.Build.0 = Debug|Any CPU
		{329976CA-2A86-D9FE-9DAA-D80D0922120A}.Release|Any CPU.ActiveCfg = Release|Any CPU
		{329976CA-2A86-D9FE-9DAA-D80D0922120A}.Release|Any CPU.Build.0 = Release|Any CPU
		{C1EC5D83-B899-6DBB-9029-2130F1DB3276}.Debug|Any CPU.ActiveCfg = Debug|Any CPU
		{C1EC5D83-B899-6DBB-9029-2130F1DB3276}.Debug|Any CPU.Build.0 = Debug|Any CPU
		{C1EC5D83-B899-6DBB-9029-2130F1DB3276}.Release|Any CPU.ActiveCfg = Release|Any CPU
		{C1EC5D83-B899-6DBB-9029-2130F1DB3276}.Release|Any CPU.Build.0 = Release|Any CPU
		{388EF8DF-ECAB-77C2-E2A2-B81F587AD9E5}.Debug|Any CPU.ActiveCfg = Debug|Any CPU
		{388EF8DF-ECAB-77C2-E2A2-B81F587AD9E5}.Debug|Any CPU.Build.0 = Debug|Any CPU
		{388EF8DF-ECAB-77C2-E2A2-B81F587AD9E5}.Release|Any CPU.ActiveCfg = Release|Any CPU
		{388EF8DF-ECAB-77C2-E2A2-B81F587AD9E5}.Release|Any CPU.Build.0 = Release|Any CPU
	EndGlobalSection
	GlobalSection(SolutionProperties) = preSolution
		HideSolutionNode = FALSE
	EndGlobalSection
	GlobalSection(ExtensibilityGlobals) = postSolution
		SolutionGuid = {751778B3-137A-421F-9ECC-AE8918CEA4C6}
	EndGlobalSection
EndGlobal
